{
  "name": "CleverSoftAdmin",
  "version": "0.0.1",
  "lockfileVersion": 1,
  "requires": true,
  "dependencies": {
    "com.telerik.plugins.nativepagetransitions": {
      "version": "0.6.5",
      "resolved": "https://registry.npmjs.org/com.telerik.plugins.nativepagetransitions/-/com.telerik.plugins.nativepagetransitions-0.6.5.tgz",
      "integrity": "sha1-Onr9vdOW/1fDUW8I8kiJReVIWx8="
    }
  }
}
